
Microsoft Visual Studio Solution File, Format Version 12.00
Project("{FAE04EC0-301F-11D3-BF4B-00C04F79EFBC}") = "WindowsHelper.ConsoleApp", "WindowsHelper.ConsoleApp\WindowsHelper.ConsoleApp.csproj", "{F8C73C5D-9421-47B9-BF9B-1B603AA58B00}"
EndProject
Project("{FAE04EC0-301F-11D3-BF4B-00C04F79EFBC}") = "WindowsHelper.Tasks", "WindowsHelper.Tasks\WindowsHelper.Tasks.csproj", "{0EB45AFE-A7B5-4BD0-824F-C06E6850875A}"
EndProject
Project("{FAE04EC0-301F-11D3-BF4B-00C04F79EFBC}") = "WindowsHelper.ConsoleOptions", "WindowsHelper.ConsoleOptions\WindowsHelper.ConsoleOptions.csproj", "{CC325AA2-0BB1-46CA-869F-887E0210D060}"
EndProject
Project("{FAE04EC0-301F-11D3-BF4B-00C04F79EFBC}") = "WindowsHelper.Tests", "WindowsHelper.Tests\WindowsHelper.Tests.csproj", "{F1A76219-3810-4F82-9A7D-02D2E9C01918}"
EndProject
Project("{FAE04EC0-301F-11D3-BF4B-00C04F79EFBC}") = "WindowsHelper.Shared", "WindowsHelper.Shared\WindowsHelper.Shared.csproj", "{3AEB5932-9111-4EEE-A83B-FB1DEBA3C7FC}"
EndProject
Project("{FAE04EC0-301F-11D3-BF4B-00C04F79EFBC}") = "WindowsHelper.Services", "WindowsHelper.Services\WindowsHelper.Services.csproj", "{9C9F4691-A49B-44DB-8424-580B346C840D}"
EndProject
Global
	GlobalSection(SolutionConfigurationPlatforms) = preSolution
		Debug|Any CPU = Debug|Any CPU
		Release|Any CPU = Release|Any CPU
	EndGlobalSection
	GlobalSection(ProjectConfigurationPlatforms) = postSolution
		{F8C73C5D-9421-47B9-BF9B-1B603AA58B00}.Debug|Any CPU.ActiveCfg = Debug|Any CPU
		{F8C73C5D-9421-47B9-BF9B-1B603AA58B00}.Debug|Any CPU.Build.0 = Debug|Any CPU
		{F8C73C5D-9421-47B9-BF9B-1B603AA58B00}.Release|Any CPU.ActiveCfg = Release|Any CPU
		{F8C73C5D-9421-47B9-BF9B-1B603AA58B00}.Release|Any CPU.Build.0 = Release|Any CPU
		{0EB45AFE-A7B5-4BD0-824F-C06E6850875A}.Debug|Any CPU.ActiveCfg = Debug|Any CPU
		{0EB45AFE-A7B5-4BD0-824F-C06E6850875A}.Debug|Any CPU.Build.0 = Debug|Any CPU
		{0EB45AFE-A7B5-4BD0-824F-C06E6850875A}.Release|Any CPU.ActiveCfg = Release|Any CPU
		{0EB45AFE-A7B5-4BD0-824F-C06E6850875A}.Release|Any CPU.Build.0 = Release|Any CPU
		{CC325AA2-0BB1-46CA-869F-887E0210D060}.Debug|Any CPU.ActiveCfg = Debug|Any CPU
		{CC325AA2-0BB1-46CA-869F-887E0210D060}.Debug|Any CPU.Build.0 = Debug|Any CPU
		{CC325AA2-0BB1-46CA-869F-887E0210D060}.Release|Any CPU.ActiveCfg = Release|Any CPU
		{CC325AA2-0BB1-46CA-869F-887E0210D060}.Release|Any CPU.Build.0 = Release|Any CPU
		{F1A76219-3810-4F82-9A7D-02D2E9C01918}.Debug|Any CPU.ActiveCfg = Debug|Any CPU
		{F1A76219-3810-4F82-9A7D-02D2E9C01918}.Debug|Any CPU.Build.0 = Debug|Any CPU
		{F1A76219-3810-4F82-9A7D-02D2E9C01918}.Release|Any CPU.ActiveCfg = Release|Any CPU
		{F1A76219-3810-4F82-9A7D-02D2E9C01918}.Release|Any CPU.Build.0 = Release|Any CPU
		{3AEB5932-9111-4EEE-A83B-FB1DEBA3C7FC}.Debug|Any CPU.ActiveCfg = Debug|Any CPU
		{3AEB5932-9111-4EEE-A83B-FB1DEBA3C7FC}.Debug|Any CPU.Build.0 = Debug|Any CPU
		{3AEB5932-9111-4EEE-A83B-FB1DEBA3C7FC}.Release|Any CPU.ActiveCfg = Release|Any CPU
		{3AEB5932-9111-4EEE-A83B-FB1DEBA3C7FC}.Release|Any CPU.Build.0 = Release|Any CPU
		{9C9F4691-A49B-44DB-8424-580B346C840D}.Debug|Any CPU.ActiveCfg = Debug|Any CPU
		{9C9F4691-A49B-44DB-8424-580B346C840D}.Debug|Any CPU.Build.0 = Debug|Any CPU
		{9C9F4691-A49B-44DB-8424-580B346C840D}.Release|Any CPU.ActiveCfg = Release|Any CPU
		{9C9F4691-A49B-44DB-8424-580B346C840D}.Release|Any CPU.Build.0 = Release|Any CPU
	EndGlobalSection
EndGlobal
